// !$*UTF8*$!
{
	archiveVersion = 1;
	classes = {
	};
	objectVersion = 56;
	objects = {

/* Begin PBXBuildFile section */
		670666AE2CB5169E004F4249 /* FirstView.swift in Sources */ = {isa = PBXBuildFile; fileRef = 670666AD2CB5169E004F4249 /* FirstView.swift */; };
		6755554B2C8EF602007352BF /* incprojectApp.swift in Sources */ = {isa = PBXBuildFile; fileRef = 6755554A2C8EF602007352BF /* incprojectApp.swift */; };
		6755554D2C8EF602007352BF /* ContentView.swift in Sources */ = {isa = PBXBuildFile; fileRef = 6755554C2C8EF602007352BF /* ContentView.swift */; };
		6755554F2C8EF608007352BF /* Assets.xcassets in Resources */ = {isa = PBXBuildFile; fileRef = 6755554E2C8EF608007352BF /* Assets.xcassets */; };
		675555522C8EF608007352BF /* Preview Assets.xcassets in Resources */ = {isa = PBXBuildFile; fileRef = 675555512C8EF608007352BF /* Preview Assets.xcassets */; };
		A1C416FB2CBA82B700D4BA64 /* HomeView.swift in Sources */ = {isa = PBXBuildFile; fileRef = A1C416FA2CBA82B700D4BA64 /* HomeView.swift */; };
		A1DF27522CB64270006A570D /* HackerGameView.swift in Sources */ = {isa = PBXBuildFile; fileRef = A1DF27512CB64270006A570D /* HackerGameView.swift */; };
		ED2B942F2CC4C0E400CCB57F /* anagram 4.swift in Sources */ = {isa = PBXBuildFile; fileRef = ED2B942E2CC4C0E400CCB57F /* anagram 4.swift */; };
		ED2B94332CC4C6E900CCB57F /* HackerGameView3.swift in Sources */ = {isa = PBXBuildFile; fileRef = ED2B94322CC4C6E900CCB57F /* HackerGameView3.swift */; };
		ED5E05212CC50D3E00F74DA3 /* HackerGameView5.swift in Sources */ = {isa = PBXBuildFile; fileRef = ED5E05202CC50D3E00F74DA3 /* HackerGameView5.swift */; };
		EDC8CECA2CC545AF0076C720 /* wheelPicker 2.swift in Sources */ = {isa = PBXBuildFile; fileRef = EDC8CEC92CC545AF0076C720 /* wheelPicker 2.swift */; };
		EDE53B682CB6AE4300DF8343 /* HackerGameView2.swift in Sources */ = {isa = PBXBuildFile; fileRef = EDE53B672CB6AE4300DF8343 /* HackerGameView2.swift */; };
/* End PBXBuildFile section */

/* Begin PBXFileReference section */
		670666AD2CB5169E004F4249 /* FirstView.swift */ = {isa = PBXFileReference; lastKnownFileType = sourcecode.swift; path = FirstView.swift; sourceTree = "<group>"; };
		675555472C8EF602007352BF /* incproject.app */ = {isa = PBXFileReference; explicitFileType = wrapper.application; includeInIndex = 0; path = incproject.app; sourceTree = BUILT_PRODUCTS_DIR; };
		6755554A2C8EF602007352BF /* incprojectApp.swift */ = {isa = PBXFileReference; lastKnownFileType = sourcecode.swift; path = incprojectApp.swift; sourceTree = "<group>"; };
		6755554C2C8EF602007352BF /* ContentView.swift */ = {isa = PBXFileReference; lastKnownFileType = sourcecode.swift; path = ContentView.swift; sourceTree = "<group>"; };
		6755554E2C8EF608007352BF /* Assets.xcassets */ = {isa = PBXFileReference; lastKnownFileType = folder.assetcatalog; path = Assets.xcassets; sourceTree = "<group>"; };
		675555512C8EF608007352BF /* Preview Assets.xcassets */ = {isa = PBXFileReference; lastKnownFileType = folder.assetcatalog; path = "Preview Assets.xcassets"; sourceTree = "<group>"; };
		A1C416FA2CBA82B700D4BA64 /* HomeView.swift */ = {isa = PBXFileReference; lastKnownFileType = sourcecode.swift; path = HomeView.swift; sourceTree = "<group>"; };
		A1DF27512CB64270006A570D /* HackerGameView.swift */ = {isa = PBXFileReference; lastKnownFileType = sourcecode.swift; path = HackerGameView.swift; sourceTree = "<group>"; };
		ED2B942E2CC4C0E400CCB57F /* anagram 4.swift */ = {isa = PBXFileReference; lastKnownFileType = sourcecode.swift; path = "anagram 4.swift"; sourceTree = "<group>"; };
		ED2B94322CC4C6E900CCB57F /* HackerGameView3.swift */ = {isa = PBXFileReference; lastKnownFileType = sourcecode.swift; path = HackerGameView3.swift; sourceTree = "<group>"; };
		ED5E05202CC50D3E00F74DA3 /* HackerGameView5.swift */ = {isa = PBXFileReference; lastKnownFileType = sourcecode.swift; path = HackerGameView5.swift; sourceTree = "<group>"; };
		EDC8CEC92CC545AF0076C720 /* wheelPicker 2.swift */ = {isa = PBXFileReference; lastKnownFileType = sourcecode.swift; path = "wheelPicker 2.swift"; sourceTree = "<group>"; };
		EDE53B672CB6AE4300DF8343 /* HackerGameView2.swift */ = {isa = PBXFileReference; lastKnownFileType = sourcecode.swift; path = HackerGameView2.swift; sourceTree = "<group>"; };
/* End PBXFileReference section */

/* Begin PBXFrameworksBuildPhase section */
		675555442C8EF602007352BF /* Frameworks */ = {
			isa = PBXFrameworksBuildPhase;
			buildActionMask = 2147483647;
			files = (
			);
			runOnlyForDeploymentPostprocessing = 0;
		};
/* End PBXFrameworksBuildPhase section */

/* Begin PBXGroup section */
		6755553E2C8EF602007352BF = {
			isa = PBXGroup;
			children = (
				A1DF27512CB64270006A570D /* HackerGameView.swift */,
				EDE53B672CB6AE4300DF8343 /* HackerGameView2.swift */,
				ED2B94322CC4C6E900CCB57F /* HackerGameView3.swift */,
				ED2B942E2CC4C0E400CCB57F /* anagram 4.swift */,
				ED5E05202CC50D3E00F74DA3 /* HackerGameView5.swift */,
				EDC8CEC92CC545AF0076C720 /* wheelPicker 2.swift */,
				675555492C8EF602007352BF /* incproject */,
				675555482C8EF602007352BF /* Products */,
			);
			sourceTree = "<group>";
		};
		675555482C8EF602007352BF /* Products */ = {
			isa = PBXGroup;
			children = (
				675555472C8EF602007352BF /* incproject.app */,
			);
			name = Products;
			sourceTree = "<group>";
		};
		675555492C8EF602007352BF /* incproject */ = {
			isa = PBXGroup;
			children = (
				6755554A2C8EF602007352BF /* incprojectApp.swift */,
				6755554C2C8EF602007352BF /* ContentView.swift */,
				A1C416FA2CBA82B700D4BA64 /* HomeView.swift */,
				670666AD2CB5169E004F4249 /* FirstView.swift */,
				6755554E2C8EF608007352BF /* Assets.xcassets */,
				675555502C8EF608007352BF /* Preview Content */,
			);
			path = incproject;
			sourceTree = "<group>";
		};
		675555502C8EF608007352BF /* Preview Content */ = {
			isa = PBXGroup;
			children = (
				675555512C8EF608007352BF /* Preview Assets.xcassets */,
			);
			path = "Preview Content";
			sourceTree = "<group>";
		};
/* End PBXGroup section */

/* Begin PBXNativeTarget section */
		675555462C8EF602007352BF /* incproject */ = {
			isa = PBXNativeTarget;
			buildConfigurationList = 675555552C8EF608007352BF /* Build configuration list for PBXNativeTarget "incproject" */;
			buildPhases = (
				675555432C8EF602007352BF /* Sources */,
				675555442C8EF602007352BF /* Frameworks */,
				675555452C8EF602007352BF /* Resources */,
			);
			buildRules = (
			);
			dependencies = (
			);
			name = incproject;
			productName = incproject;
			productReference = 675555472C8EF602007352BF /* incproject.app */;
			productType = "com.apple.product-type.application";
		};
/* End PBXNativeTarget section */

/* Begin PBXProject section */
		6755553F2C8EF602007352BF /* Project object */ = {
			isa = PBXProject;
			attributes = {
				BuildIndependentTargetsInParallel = 1;
				LastSwiftUpdateCheck = 1540;
				LastUpgradeCheck = 1540;
				TargetAttributes = {
					675555462C8EF602007352BF = {
						CreatedOnToolsVersion = 15.4;
					};
				};
			};
			buildConfigurationList = 675555422C8EF602007352BF /* Build configuration list for PBXProject "incproject" */;
			compatibilityVersion = "Xcode 14.0";
			developmentRegion = en;
			hasScannedForEncodings = 0;
			knownRegions = (
				en,
				Base,
			);
			mainGroup = 6755553E2C8EF602007352BF;
			productRefGroup = 675555482C8EF602007352BF /* Products */;
			projectDirPath = "";
			projectRoot = "";
			targets = (
				675555462C8EF602007352BF /* incproject */,
			);
		};
/* End PBXProject section */

/* Begin PBXResourcesBuildPhase section */
		675555452C8EF602007352BF /* Resources */ = {
			isa = PBXResourcesBuildPhase;
			buildActionMask = 2147483647;
			files = (
				675555522C8EF608007352BF /* Preview Assets.xcassets in Resources */,
				6755554F2C8EF608007352BF /* Assets.xcassets in Resources */,
			);
			runOnlyForDeploymentPostprocessing = 0;
		};
/* End PBXResourcesBuildPhase section */

/* Begin PBXSourcesBuildPhase section */
		675555432C8EF602007352BF /* Sources */ = {
			isa = PBXSourcesBuildPhase;
			buildActionMask = 2147483647;
			files = (
				EDE53B682CB6AE4300DF8343 /* HackerGameView2.swift in Sources */,
				6755554D2C8EF602007352BF /* ContentView.swift in Sources */,
				ED5E05212CC50D3E00F74DA3 /* HackerGameView5.swift in Sources */,
				A1DF27522CB64270006A570D /* HackerGameView.swift in Sources */,
				ED2B942F2CC4C0E400CCB57F /* anagram 4.swift in Sources */,
				EDC8CECA2CC545AF0076C720 /* wheelPicker 2.swift in Sources */,
				A1C416FB2CBA82B700D4BA64 /* HomeView.swift in Sources */,
				670666AE2CB5169E004F4249 /* FirstView.swift in Sources */,
				ED2B94332CC4C6E900CCB57F /* HackerGameView3.swift in Sources */,
				6755554B2C8EF602007352BF /* incprojectApp.swift in Sources */,
			);
			runOnlyForDeploymentPostprocessing = 0;
		};
/* End PBXSourcesBuildPhase section */

/* Begin XCBuildConfiguration section */
		675555532C8EF608007352BF /* Debug */ = {
			isa = XCBuildConfiguration;
			buildSettings = {
				ALWAYS_SEARCH_USER_PATHS = NO;
				ASSETCATALOG_COMPILER_GENERATE_SWIFT_ASSET_SYMBOL_EXTENSIONS = YES;
				CLANG_ANALYZER_NONNULL = YES;
				CLANG_ANALYZER_NUMBER_OBJECT_CONVERSION = YES_AGGRESSIVE;
				CLANG_CXX_LANGUAGE_STANDARD = "gnu++20";
				CLANG_ENABLE_MODULES = YES;
				CLANG_ENABLE_OBJC_ARC = YES;
				CLANG_ENABLE_OBJC_WEAK = YES;
				CLANG_WARN_BLOCK_CAPTURE_AUTORELEASING = YES;
				CLANG_WARN_BOOL_CONVERSION = YES;
				CLANG_WARN_COMMA = YES;
				CLANG_WARN_CONSTANT_CONVERSION = YES;
				CLANG_WARN_DEPRECATED_OBJC_IMPLEMENTATIONS = YES;
				CLANG_WARN_DIRECT_OBJC_ISA_USAGE = YES_ERROR;
				CLANG_WARN_DOCUMENTATION_COMMENTS = YES;
				CLANG_WARN_EMPTY_BODY = YES;
				CLANG_WARN_ENUM_CONVERSION = YES;
				CLANG_WARN_INFINITE_RECURSION = YES;
				CLANG_WARN_INT_CONVERSION = YES;
				CLANG_WARN_NON_LITERAL_NULL_CONVERSION = YES;
				CLANG_WARN_OBJC_IMPLICIT_RETAIN_SELF = YES;
				CLANG_WARN_OBJC_LITERAL_CONVERSION = YES;
				CLANG_WARN_OBJC_ROOT_CLASS = YES_ERROR;
				CLANG_WARN_QUOTED_INCLUDE_IN_FRAMEWORK_HEADER = YES;
				CLANG_WARN_RANGE_LOOP_ANALYSIS = YES;
				CLANG_WARN_STRICT_PROTOTYPES = YES;
				CLANG_WARN_SUSPICIOUS_MOVE = YES;
				CLANG_WARN_UNGUARDED_AVAILABILITY = YES_AGGRESSIVE;
				CLANG_WARN_UNREACHABLE_CODE = YES;
				CLANG_WARN__DUPLICATE_METHOD_MATCH = YES;
				COPY_PHASE_STRIP = NO;
				DEBUG_INFORMATION_FORMAT = dwarf;
				ENABLE_STRICT_OBJC_MSGSEND = YES;
				ENABLE_TESTABILITY = YES;
				ENABLE_USER_SCRIPT_SANDBOXING = YES;
				GCC_C_LANGUAGE_STANDARD = gnu17;
				GCC_DYNAMIC_NO_PIC = NO;
				GCC_NO_COMMON_BLOCKS = YES;
				GCC_OPTIMIZATION_LEVEL = 0;
				GCC_PREPROCESSOR_DEFINITIONS = (
					"DEBUG=1",
					"$(inherited)",
				);
				GCC_WARN_64_TO_32_BIT_CONVERSION = YES;
				GCC_WARN_ABOUT_RETURN_TYPE = YES_ERROR;
				GCC_WARN_UNDECLARED_SELECTOR = YES;
				GCC_WARN_UNINITIALIZED_AUTOS = YES_AGGRESSIVE;
				GCC_WARN_UNUSED_FUNCTION = YES;
				GCC_WARN_UNUSED_VARIABLE = YES;
				IPHONEOS_DEPLOYMENT_TARGET = 17.5;
				LOCALIZATION_PREFERS_STRING_CATALOGS = YES;
				MTL_ENABLE_DEBUG_INFO = INCLUDE_SOURCE;
				MTL_FAST_MATH = YES;
				ONLY_ACTIVE_ARCH = YES;
				SDKROOT = iphoneos;
				SWIFT_ACTIVE_COMPILATION_CONDITIONS = "DEBUG $(inherited)";
				SWIFT_OPTIMIZATION_LEVEL = "-Onone";
			};
			name = Debug;
		};
		675555542C8EF608007352BF /* Release */ = {
			isa = XCBuildConfiguration;
			buildSettings = {
				ALWAYS_SEARCH_USER_PATHS = NO;
				ASSETCATALOG_COMPILER_GENERATE_SWIFT_ASSET_SYMBOL_EXTENSIONS = YES;
				CLANG_ANALYZER_NONNULL = YES;
				CLANG_ANALYZER_NUMBER_OBJECT_CONVERSION = YES_AGGRESSIVE;
				CLANG_CXX_LANGUAGE_STANDARD = "gnu++20";
				CLANG_ENABLE_MODULES = YES;
				CLANG_ENABLE_OBJC_ARC = YES;
				CLANG_ENABLE_OBJC_WEAK = YES;
				CLANG_WARN_BLOCK_CAPTURE_AUTORELEASING = YES;
				CLANG_WARN_BOOL_CONVERSION = YES;
				CLANG_WARN_COMMA = YES;
				CLANG_WARN_CONSTANT_CONVERSION = YES;
				CLANG_WARN_DEPRECATED_OBJC_IMPLEMENTATIONS = YES;
				CLANG_WARN_DIRECT_OBJC_ISA_USAGE = YES_ERROR;
				CLANG_WARN_DOCUMENTATION_COMMENTS = YES;
				CLANG_WARN_EMPTY_BODY = YES;
				CLANG_WARN_ENUM_CONVERSION = YES;
				CLANG_WARN_INFINITE_RECURSION = YES;
				CLANG_WARN_INT_CONVERSION = YES;
				CLANG_WARN_NON_LITERAL_NULL_CONVERSION = YES;
				CLANG_WARN_OBJC_IMPLICIT_RETAIN_SELF = YES;
				CLANG_WARN_OBJC_LITERAL_CONVERSION = YES;
				CLANG_WARN_OBJC_ROOT_CLASS = YES_ERROR;
				CLANG_WARN_QUOTED_INCLUDE_IN_FRAMEWORK_HEADER = YES;
				CLANG_WARN_RANGE_LOOP_ANALYSIS = YES;
				CLANG_WARN_STRICT_PROTOTYPES = YES;
				CLANG_WARN_SUSPICIOUS_MOVE = YES;
				CLANG_WARN_UNGUARDED_AVAILABILITY = YES_AGGRESSIVE;
				CLANG_WARN_UNREACHABLE_CODE = YES;
				CLANG_WARN__DUPLICATE_METHOD_MATCH = YES;
				COPY_PHASE_STRIP = NO;
				DEBUG_INFORMATION_FORMAT = "dwarf-with-dsym";
				ENABLE_NS_ASSERTIONS = NO;
				ENABLE_STRICT_OBJC_MSGSEND = YES;
				ENABLE_USER_SCRIPT_SANDBOXING = YES;
				GCC_C_LANGUAGE_STANDARD = gnu17;
				GCC_NO_COMMON_BLOCKS = YES;
				GCC_WARN_64_TO_32_BIT_CONVERSION = YES;
				GCC_WARN_ABOUT_RETURN_TYPE = YES_ERROR;
				GCC_WARN_UNDECLARED_SELECTOR = YES;
				GCC_WARN_UNINITIALIZED_AUTOS = YES_AGGRESSIVE;
				GCC_WARN_UNUSED_FUNCTION = YES;
				GCC_WARN_UNUSED_VARIABLE = YES;
				IPHONEOS_DEPLOYMENT_TARGET = 17.5;
				LOCALIZATION_PREFERS_STRING_CATALOGS = YES;
				MTL_ENABLE_DEBUG_INFO = NO;
				MTL_FAST_MATH = YES;
				SDKROOT = iphoneos;
				SWIFT_COMPILATION_MODE = wholemodule;
				VALIDATE_PRODUCT = YES;
			};
			name = Release;
		};
		675555562C8EF608007352BF /* Debug */ = {
			isa = XCBuildConfiguration;
			buildSettings = {
				ASSETCATALOG_COMPILER_APPICON_NAME = AppIcon;
				ASSETCATALOG_COMPILER_GLOBAL_ACCENT_COLOR_NAME = AccentColor;
				CODE_SIGN_STYLE = Automatic;
				CURRENT_PROJECT_VERSION = 1;
				DEVELOPMENT_ASSET_PATHS = "\"incproject/Preview Content\"";
				ENABLE_PREVIEWS = YES;
				GENERATE_INFOPLIST_FILE = YES;
				INFOPLIST_KEY_UIApplicationSceneManifest_Generation = YES;
				INFOPLIST_KEY_UIApplicationSupportsIndirectInputEvents = YES;
				INFOPLIST_KEY_UILaunchScreen_Generation = YES;
				INFOPLIST_KEY_UISupportedInterfaceOrientations_iPad = "UIInterfaceOrientationPortrait UIInterfaceOrientationPortraitUpsideDown UIInterfaceOrientationLandscapeLeft UIInterfaceOrientationLandscapeRight";
				INFOPLIST_KEY_UISupportedInterfaceOrientations_iPhone = "UIInterfaceOrientationPortrait UIInterfaceOrientationLandscapeLeft UIInterfaceOrientationLandscapeRight";
				LD_RUNPATH_SEARCH_PATHS = (
					"$(inherited)",
					"@executable_path/Frameworks",
				);
				MARKETING_VERSION = 1.0;
				PRODUCT_BUNDLE_IDENTIFIER = iloveyoungliz.incproject;
				PRODUCT_NAME = "$(TARGET_NAME)";
				SWIFT_EMIT_LOC_STRINGS = YES;
				SWIFT_VERSION = 5.0;
				TARGETED_DEVICE_FAMILY = "1,2";
			};
			name = Debug;
		};
		675555572C8EF608007352BF /* Release */ = {
			isa = XCBuildConfiguration;
			buildSettings = {
				ASSETCATALOG_COMPILER_APPICON_NAME = AppIcon;
				ASSETCATALOG_COMPILER_GLOBAL_ACCENT_COLOR_NAME = AccentColor;
				CODE_SIGN_STYLE = Automatic;
				CURRENT_PROJECT_VERSION = 1;
				DEVELOPMENT_ASSET_PATHS = "\"incproject/Preview Content\"";
				ENABLE_PREVIEWS = YES;
				GENERATE_INFOPLIST_FILE = YES;
				INFOPLIST_KEY_UIApplicationSceneManifest_Generation = YES;
				INFOPLIST_KEY_UIApplicationSupportsIndirectInputEvents = YES;
				INFOPLIST_KEY_UILaunchScreen_Generation = YES;
				INFOPLIST_KEY_UISupportedInterfaceOrientations_iPad = "UIInterfaceOrientationPortrait UIInterfaceOrientationPortraitUpsideDown UIInterfaceOrientationLandscapeLeft UIInterfaceOrientationLandscapeRight";
				INFOPLIST_KEY_UISupportedInterfaceOrientations_iPhone = "UIInterfaceOrientationPortrait UIInterfaceOrientationLandscapeLeft UIInterfaceOrientationLandscapeRight";
				LD_RUNPATH_SEARCH_PATHS = (
					"$(inherited)",
					"@executable_path/Frameworks",
				);
				MARKETING_VERSION = 1.0;
				PRODUCT_BUNDLE_IDENTIFIER = iloveyoungliz.incproject;
				PRODUCT_NAME = "$(TARGET_NAME)";
				SWIFT_EMIT_LOC_STRINGS = YES;
				SWIFT_VERSION = 5.0;
				TARGETED_DEVICE_FAMILY = "1,2";
			};
			name = Release;
		};
/* End XCBuildConfiguration section */

/* Begin XCConfigurationList section */
		675555422C8EF602007352BF /* Build configuration list for PBXProject "incproject" */ = {
			isa = XCConfigurationList;
			buildConfigurations = (
				675555532C8EF608007352BF /* Debug */,
				675555542C8EF608007352BF /* Release */,
			);
			defaultConfigurationIsVisible = 0;
			defaultConfigurationName = Release;
		};
		675555552C8EF608007352BF /* Build configuration list for PBXNativeTarget "incproject" */ = {
			isa = XCConfigurationList;
			buildConfigurations = (
				675555562C8EF608007352BF /* Debug */,
				675555572C8EF608007352BF /* Release */,
			);
			defaultConfigurationIsVisible = 0;
			defaultConfigurationName = Release;
		};
/* End XCConfigurationList section */
	};
	rootObject = 6755553F2C8EF602007352BF /* Project object */;
}
